{
  "originHash" : "fb03ff40955d21ee80e7781d5c32a86f7d9c7a8ef35249409c2d1901e556aec5",
  "pins" : [
    {
      "identity" : "keyboardshortcuts",
      "kind" : "remoteSourceControl",
      "location" : "https://github.com/sindresorhus/KeyboardShortcuts",
      "state" : {
        "revision" : "ac302e21da5883f4bd0490cbd0cb710b08740500",
        "version" : "1.15.0"
      }
    },
    {
      "identity" : "kokoro-coreml",
      "kind" : "remoteSourceControl",
      "location" : "https://github.com/kevinxu-cmd/kokoro-coreml.git",
      "state" : {
        "revision" : "2932a26444b8deba2a6be6c0aa45c0424efaefe1"
      }
    },
    {
      "identity" : "misakiswift",
      "kind" : "remoteSourceControl",
      "location" : "https://github.com/kevinxu-cmd/MisakiSwift",
      "state" : {
        "revision" : "01e65a7b8451023906976ea7427a27212e34496c"
      }
    },
    {
      "identity" : "swift-cmark",
      "kind" : "remoteSourceControl",
      "location" : "https://github.com/swiftlang/swift-cmark.git",
      "state" : {
        "revision" : "924936d0427cb25a61169739a7660230bffa6ea6",
        "version" : "0.8.0"
      }
    },
    {
      "identity" : "swift-markdown",
      "kind" : "remoteSourceControl",
      "location" : "https://github.com/swiftlang/swift-markdown.git",
      "state" : {
        "revision" : "3c6f9523da3a1ec2fd829673e472d95b8097a3b8",
        "version" : "0.8.0"
      }
    }
  ],
  "version" : 3
}
